
Microsoft Visual Studio Solution File, Format Version 12.00
# Visual Studio 15
VisualStudioVersion = 15.0.27703.2042
MinimumVisualStudioVersion = 10.0.40219.1
Project("{FAE04EC0-301F-11D3-BF4B-00C04F79EFBC}") = "Bot3", "Bot3\Bot3.csproj", "{FA24BB51-6726-43A8-827D-A5F0563EDA3D}"
EndProject
Global
	GlobalSection(SolutionConfigurationPlatforms) = preSolution
		Debug|Any CPU = Debug|Any CPU
		Release|Any CPU = Release|Any CPU
	EndGlobalSection
	GlobalSection(ProjectConfigurationPlatforms) = postSolution
		{FA24BB51-6726-43A8-827D-A5F0563EDA3D}.Debug|Any CPU.ActiveCfg = Debug|Any CPU
		{FA24BB51-6726-43A8-827D-A5F0563EDA3D}.Debug|Any CPU.Build.0 = Debug|Any CPU
		{FA24BB51-6726-43A8-827D-A5F0563EDA3D}.Release|Any CPU.ActiveCfg = Release|Any CPU
		{FA24BB51-6726-43A8-827D-A5F0563EDA3D}.Release|Any CPU.Build.0 = Release|Any CPU
	EndGlobalSection
	GlobalSection(SolutionProperties) = preSolution
		HideSolutionNode = FALSE
	EndGlobalSection
	GlobalSection(ExtensibilityGlobals) = postSolution
		SolutionGuid = {7B7BE074-98A2-4746-8338-C48791B8E3A0}
	EndGlobalSection
EndGlobal
